
Microsoft Visual Studio Solution File, Format Version 12.00
# Visual Studio 2012
Project("{FAE04EC0-301F-11D3-BF4B-00C04F79EFBC}") = "TutorApp", "TutorApp\TutorApp.csproj", "{57652874-46B0-48F5-8319-DD2947777CD1}"
EndProject
Project("{FAE04EC0-301F-11D3-BF4B-00C04F79EFBC}") = "TutorAppPortableLibrary", "TutorAppPortableLibrary\TutorAppPortableLibrary.csproj", "{BB8979B2-FD8A-4930-AF1A-0D7530504D16}"
EndProject
Global
	GlobalSection(SolutionConfigurationPlatforms) = preSolution
		Debug|Any CPU = Debug|Any CPU
		Release|Any CPU = Release|Any CPU
	EndGlobalSection
	GlobalSection(ProjectConfigurationPlatforms) = postSolution
		{57652874-46B0-48F5-8319-DD2947777CD1}.Debug|Any CPU.ActiveCfg = Debug|Any CPU
		{57652874-46B0-48F5-8319-DD2947777CD1}.Debug|Any CPU.Build.0 = Debug|Any CPU
		{57652874-46B0-48F5-8319-DD2947777CD1}.Release|Any CPU.ActiveCfg = Release|Any CPU
		{57652874-46B0-48F5-8319-DD2947777CD1}.Release|Any CPU.Build.0 = Release|Any CPU
		{BB8979B2-FD8A-4930-AF1A-0D7530504D16}.Debug|Any CPU.ActiveCfg = Debug|Any CPU
		{BB8979B2-FD8A-4930-AF1A-0D7530504D16}.Debug|Any CPU.Build.0 = Debug|Any CPU
		{BB8979B2-FD8A-4930-AF1A-0D7530504D16}.Release|Any CPU.ActiveCfg = Release|Any CPU
		{BB8979B2-FD8A-4930-AF1A-0D7530504D16}.Release|Any CPU.Build.0 = Release|Any CPU
	EndGlobalSection
EndGlobal
